PODS:
  - Alamofire (5.6.1)
  - ImageSlideshow (1.9.2):
    - ImageSlideshow/Core (= 1.9.2)
  - ImageSlideshow/Core (1.9.2)
  - JJFloatingActionButton (2.5.0)
  - Kingfisher (7.2.0)
  - Pageboy (3.6.2)
  - Tabman (2.12.0):
    - Pageboy (~> 3.6.0)
  - youtube-ios-player-helper (1.0.4)

DEPENDENCIES:
  - Alamofire
  - ImageSlideshow (~> 1.9.0)
  - JJFloatingActionButton
  - Kingfisher
  - Tabman (~> 2.12)
  - youtube-ios-player-helper

SPEC REPOS:
  trunk:
    - Alamofire
    - ImageSlideshow
    - JJFloatingActionButton
    - Kingfisher
    - Pageboy
    - Tabman
    - youtube-ios-player-helper

SPEC CHECKSUMS:
  Alamofire: 87bd8c952f9a4454320fce00d9cc3de57bcadaf5
  ImageSlideshow: be305b54eaf2b2cfc7a7141c7c734605d44dc07d
  JJFloatingActionButton: fdc3aefb0f28f04d0f988fa25d5fac97028a9ea7
  Kingfisher: 3ac0b75b155cabc0e544877d1a4deea29feece92
  Pageboy: cf121b9dd48c63f3f281b2a9ec93d02e0f23879b
  Tabman: 447a50447ed2869c39ab3b1a779327e43e067c4e
  youtube-ios-player-helper: e9b97535e816db3152179d84d999bc1807ecd689

PODFILE CHECKSUM: 0f1203868f8c1d669ebfbfeb767f66c1dca9d187

COCOAPODS: 1.11.3
